# THIS IS AN AUTOGENERATED FILE. DO NOT EDIT THIS FILE DIRECTLY.
# yarn lockfile v1


preprocess@^3.2.0:
  version "3.2.0"
  resolved "https://registry.yarnpkg.com/preprocess/-/preprocess-3.2.0.tgz#36b3e2c52331fbc6fabb26d4fd5709304b7e3675"
  integrity sha512-cO+Rf+Ose/eD+ze8Hxd9p9nS1xT8thYqv8owG/V8+IS/Remd7Z17SvaRK/oJxp08yaM8zb+QTckDKJUul2pk7g==
  dependencies:
    xregexp "3.1.0"

xregexp@3.1.0:
  version "3.1.0"
  resolved "https://registry.yarnpkg.com/xregexp/-/xregexp-3.1.0.tgz#14d8461e0bdd38224bfee5039a0898fc42fcd336"
  integrity sha1-FNhGHgvdOCJL/uUDmgiY/EL80zY=
